{
    "version": 3,
    "terraform_version": "0.10.4",
    "serial": 14,
    "lineage": "c63e138c-3bda-40c5-843c-15917a394de1",
    "modules": [
        {
            "path": [
                "root"
            ],
            "outputs": {},
            "resources": {
                "aws_eip.flex_eip": {
                    "type": "aws_eip",
                    "depends_on": [
                        "aws_internet_gateway.gw"
                    ],
                    "primary": {
                        "id": "eipalloc-5647cf64",
                        "attributes": {
                            "association_id": "",
                            "domain": "vpc",
                            "id": "eipalloc-5647cf64",
                            "instance": "",
                            "network_interface": "",
                            "private_ip": "",
                            "public_ip": "34.233.164.79",
                            "vpc": "true"
                        },
                        "meta": {},
                        "tainted": false
                    },
                    "deposed": [],
                    "provider": ""
                },
                "aws_instance.AMQ-1.0": {
                    "type": "aws_instance",
                    "depends_on": [
                        "aws_security_group.private",
                        "aws_subnet.private_1_subnet_us_east_1a"
                    ],
                    "primary": {
                        "id": "i-082239b9f899974a0",
                        "attributes": {
                            "ami": "ami-c998b6b2",
                            "associate_public_ip_address": "true",
                            "availability_zone": "us-east-1a",
                            "disable_api_termination": "false",
                            "ebs_block_device.#": "0",
                            "ebs_optimized": "false",
                            "ephemeral_block_device.#": "0",
                            "iam_instance_profile": "",
                            "id": "i-082239b9f899974a0",
                            "instance_state": "running",
                            "instance_type": "t2.micro",
                            "ipv6_addresses.#": "0",
                            "key_name": "Flex_key",
                            "monitoring": "false",
                            "network_interface.#": "0",
                            "network_interface_id": "eni-847e5f93",
                            "primary_network_interface_id": "eni-847e5f93",
                            "private_dns": "ip-192-168-2-193.ec2.internal",
                            "private_ip": "192.168.2.193",
                            "public_dns": "ec2-34-231-255-109.compute-1.amazonaws.com",
                            "public_ip": "34.231.255.109",
                            "root_block_device.#": "1",
                            "root_block_device.0.delete_on_termination": "true",
                            "root_block_device.0.iops": "100",
                            "root_block_device.0.volume_size": "10",
                            "root_block_device.0.volume_type": "gp2",
                            "security_groups.#": "0",
                            "source_dest_check": "false",
                            "subnet_id": "subnet-0cb86368",
                            "tags.%": "1",
                            "tags.Name": "ActiveMQ-0",
                            "tenancy": "default",
                            "volume_tags.%": "0",
                            "vpc_security_group_ids.#": "1",
                            "vpc_security_group_ids.3562778075": "sg-c95593ba"
                        },
                        "meta": {
                            "e2bfb730-ecaa-11e6-8f88-34363bc7c4c0": {
                                "create": 600000000000,
                                "delete": 600000000000,
                                "update": 600000000000
                            },
                            "schema_version": "1"
                        },
                        "tainted": false
                    },
                    "deposed": [],
                    "provider": ""
                },
                "aws_instance.AMQ-1.1": {
                    "type": "aws_instance",
                    "depends_on": [
                        "aws_security_group.private",
                        "aws_subnet.private_1_subnet_us_east_1a"
                    ],
                    "primary": {
                        "id": "i-0265d93b2213fdd09",
                        "attributes": {
                            "ami": "ami-c998b6b2",
                            "associate_public_ip_address": "true",
                            "availability_zone": "us-east-1a",
                            "disable_api_termination": "false",
                            "ebs_block_device.#": "0",
                            "ebs_optimized": "false",
                            "ephemeral_block_device.#": "0",
                            "iam_instance_profile": "",
                            "id": "i-0265d93b2213fdd09",
                            "instance_state": "running",
                            "instance_type": "t2.micro",
                            "ipv6_addresses.#": "0",
                            "key_name": "Flex_key",
                            "monitoring": "false",
                            "network_interface.#": "0",
                            "network_interface_id": "eni-387d5c2f",
                            "primary_network_interface_id": "eni-387d5c2f",
                            "private_dns": "ip-192-168-2-36.ec2.internal",
                            "private_ip": "192.168.2.36",
                            "public_dns": "ec2-52-205-72-82.compute-1.amazonaws.com",
                            "public_ip": "52.205.72.82",
                            "root_block_device.#": "1",
                            "root_block_device.0.delete_on_termination": "true",
                            "root_block_device.0.iops": "100",
                            "root_block_device.0.volume_size": "10",
                            "root_block_device.0.volume_type": "gp2",
                            "security_groups.#": "0",
                            "source_dest_check": "false",
                            "subnet_id": "subnet-0cb86368",
                            "tags.%": "1",
                            "tags.Name": "ActiveMQ-1",
                            "tenancy": "default",
                            "volume_tags.%": "0",
                            "vpc_security_group_ids.#": "1",
                            "vpc_security_group_ids.3562778075": "sg-c95593ba"
                        },
                        "meta": {
                            "e2bfb730-ecaa-11e6-8f88-34363bc7c4c0": {
                                "create": 600000000000,
                                "delete": 600000000000,
                                "update": 600000000000
                            },
                            "schema_version": "1"
                        },
                        "tainted": false
                    },
                    "deposed": [],
                    "provider": ""
                },
                "aws_instance.haproxy-1.0": {
                    "type": "aws_instance",
                    "depends_on": [
                        "aws_security_group.private",
                        "aws_subnet.private_1_subnet_us_east_1a"
                    ],
                    "primary": {
                        "id": "i-03fee2c4b72215a0a",
                        "attributes": {
                            "ami": "ami-c998b6b2",
                            "associate_public_ip_address": "true",
                            "availability_zone": "us-east-1a",
                            "disable_api_termination": "false",
                            "ebs_block_device.#": "0",
                            "ebs_optimized": "false",
                            "ephemeral_block_device.#": "0",
                            "iam_instance_profile": "",
                            "id": "i-03fee2c4b72215a0a",
                            "instance_state": "running",
                            "instance_type": "t2.micro",
                            "ipv6_addresses.#": "0",
                            "key_name": "Flex_key",
                            "monitoring": "false",
                            "network_interface.#": "0",
                            "network_interface_id": "eni-027c5d15",
                            "primary_network_interface_id": "eni-027c5d15",
                            "private_dns": "ip-192-168-2-98.ec2.internal",
                            "private_ip": "192.168.2.98",
                            "public_dns": "ec2-34-232-48-59.compute-1.amazonaws.com",
                            "public_ip": "34.232.48.59",
                            "root_block_device.#": "1",
                            "root_block_device.0.delete_on_termination": "true",
                            "root_block_device.0.iops": "100",
                            "root_block_device.0.volume_size": "10",
                            "root_block_device.0.volume_type": "gp2",
                            "security_groups.#": "0",
                            "source_dest_check": "false",
                            "subnet_id": "subnet-0cb86368",
                            "tags.%": "1",
                            "tags.Name": "Haproxy-0",
                            "tenancy": "default",
                            "volume_tags.%": "0",
                            "vpc_security_group_ids.#": "1",
                            "vpc_security_group_ids.3562778075": "sg-c95593ba"
                        },
                        "meta": {
                            "e2bfb730-ecaa-11e6-8f88-34363bc7c4c0": {
                                "create": 600000000000,
                                "delete": 600000000000,
                                "update": 600000000000
                            },
                            "schema_version": "1"
                        },
                        "tainted": false
                    },
                    "deposed": [],
                    "provider": ""
                },
                "aws_instance.haproxy-1.1": {
                    "type": "aws_instance",
                    "depends_on": [
                        "aws_security_group.private",
                        "aws_subnet.private_1_subnet_us_east_1a"
                    ],
                    "primary": {
                        "id": "i-0bc65bad0c5032e63",
                        "attributes": {
                            "ami": "ami-c998b6b2",
                            "associate_public_ip_address": "true",
                            "availability_zone": "us-east-1a",
                            "disable_api_termination": "false",
                            "ebs_block_device.#": "0",
                            "ebs_optimized": "false",
                            "ephemeral_block_device.#": "0",
                            "iam_instance_profile": "",
                            "id": "i-0bc65bad0c5032e63",
                            "instance_state": "running",
                            "instance_type": "t2.micro",
                            "ipv6_addresses.#": "0",
                            "key_name": "Flex_key",
                            "monitoring": "false",
                            "network_interface.#": "0",
                            "network_interface_id": "eni-717c5d66",
                            "primary_network_interface_id": "eni-717c5d66",
                            "private_dns": "ip-192-168-2-44.ec2.internal",
                            "private_ip": "192.168.2.44",
                            "public_dns": "ec2-34-205-92-222.compute-1.amazonaws.com",
                            "public_ip": "34.205.92.222",
                            "root_block_device.#": "1",
                            "root_block_device.0.delete_on_termination": "true",
                            "root_block_device.0.iops": "100",
                            "root_block_device.0.volume_size": "10",
                            "root_block_device.0.volume_type": "gp2",
                            "security_groups.#": "0",
                            "source_dest_check": "false",
                            "subnet_id": "subnet-0cb86368",
                            "tags.%": "1",
                            "tags.Name": "Haproxy-1",
                            "tenancy": "default",
                            "volume_tags.%": "0",
                            "vpc_security_group_ids.#": "1",
                            "vpc_security_group_ids.3562778075": "sg-c95593ba"
                        },
                        "meta": {
                            "e2bfb730-ecaa-11e6-8f88-34363bc7c4c0": {
                                "create": 600000000000,
                                "delete": 600000000000,
                                "update": 600000000000
                            },
                            "schema_version": "1"
                        },
                        "tainted": false
                    },
                    "deposed": [],
                    "provider": ""
                },
                "aws_instance.jboss-1.0": {
                    "type": "aws_instance",
                    "depends_on": [
                        "aws_security_group.private",
                        "aws_subnet.private_1_subnet_us_east_1a"
                    ],
                    "primary": {
                        "id": "i-0fac03e28fc61665e",
                        "attributes": {
                            "ami": "ami-c998b6b2",
                            "associate_public_ip_address": "true",
                            "availability_zone": "us-east-1a",
                            "disable_api_termination": "false",
                            "ebs_block_device.#": "0",
                            "ebs_optimized": "false",
                            "ephemeral_block_device.#": "0",
                            "iam_instance_profile": "",
                            "id": "i-0fac03e28fc61665e",
                            "instance_state": "running",
                            "instance_type": "t2.micro",
                            "ipv6_addresses.#": "0",
                            "key_name": "Flex_key",
                            "monitoring": "false",
                            "network_interface.#": "0",
                            "network_interface_id": "eni-037f5e14",
                            "primary_network_interface_id": "eni-037f5e14",
                            "private_dns": "ip-192-168-2-169.ec2.internal",
                            "private_ip": "192.168.2.169",
                            "public_dns": "ec2-34-201-2-8.compute-1.amazonaws.com",
                            "public_ip": "34.201.2.8",
                            "root_block_device.#": "1",
                            "root_block_device.0.delete_on_termination": "true",
                            "root_block_device.0.iops": "100",
                            "root_block_device.0.volume_size": "10",
                            "root_block_device.0.volume_type": "gp2",
                            "security_groups.#": "0",
                            "source_dest_check": "false",
                            "subnet_id": "subnet-0cb86368",
                            "tags.%": "1",
                            "tags.Name": "Jboss-0",
                            "tenancy": "default",
                            "volume_tags.%": "0",
                            "vpc_security_group_ids.#": "1",
                            "vpc_security_group_ids.3562778075": "sg-c95593ba"
                        },
                        "meta": {
                            "e2bfb730-ecaa-11e6-8f88-34363bc7c4c0": {
                                "create": 600000000000,
                                "delete": 600000000000,
                                "update": 600000000000
                            },
                            "schema_version": "1"
                        },
                        "tainted": false
                    },
                    "deposed": [],
                    "provider": ""
                },
                "aws_instance.jboss-1.1": {
                    "type": "aws_instance",
                    "depends_on": [
                        "aws_security_group.private",
                        "aws_subnet.private_1_subnet_us_east_1a"
                    ],
                    "primary": {
                        "id": "i-0683ad75ac09430eb",
                        "attributes": {
                            "ami": "ami-c998b6b2",
                            "associate_public_ip_address": "true",
                            "availability_zone": "us-east-1a",
                            "disable_api_termination": "false",
                            "ebs_block_device.#": "0",
                            "ebs_optimized": "false",
                            "ephemeral_block_device.#": "0",
                            "iam_instance_profile": "",
                            "id": "i-0683ad75ac09430eb",
                            "instance_state": "running",
                            "instance_type": "t2.micro",
                            "ipv6_addresses.#": "0",
                            "key_name": "Flex_key",
                            "monitoring": "false",
                            "network_interface.#": "0",
                            "network_interface_id": "eni-ab7657bc",
                            "primary_network_interface_id": "eni-ab7657bc",
                            "private_dns": "ip-192-168-2-164.ec2.internal",
                            "private_ip": "192.168.2.164",
                            "public_dns": "ec2-34-200-255-18.compute-1.amazonaws.com",
                            "public_ip": "34.200.255.18",
                            "root_block_device.#": "1",
                            "root_block_device.0.delete_on_termination": "true",
                            "root_block_device.0.iops": "100",
                            "root_block_device.0.volume_size": "10",
                            "root_block_device.0.volume_type": "gp2",
                            "security_groups.#": "0",
                            "source_dest_check": "false",
                            "subnet_id": "subnet-0cb86368",
                            "tags.%": "1",
                            "tags.Name": "Jboss-1",
                            "tenancy": "default",
                            "volume_tags.%": "0",
                            "vpc_security_group_ids.#": "1",
                            "vpc_security_group_ids.3562778075": "sg-c95593ba"
                        },
                        "meta": {
                            "e2bfb730-ecaa-11e6-8f88-34363bc7c4c0": {
                                "create": 600000000000,
                                "delete": 600000000000,
                                "update": 600000000000
                            },
                            "schema_version": "1"
                        },
                        "tainted": false
                    },
                    "deposed": [],
                    "provider": ""
                },
                "aws_internet_gateway.gw": {
                    "type": "aws_internet_gateway",
                    "depends_on": [
                        "aws_vpc.vpc_flex"
                    ],
                    "primary": {
                        "id": "igw-db8765a2",
                        "attributes": {
                            "id": "igw-db8765a2",
                            "tags.%": "1",
                            "tags.Name": "InternetGateway",
                            "vpc_id": "vpc-dea9a0a7"
                        },
                        "meta": {},
                        "tainted": false
                    },
                    "deposed": [],
                    "provider": ""
                },
                "aws_nat_gateway.nat": {
                    "type": "aws_nat_gateway",
                    "depends_on": [
                        "aws_eip.flex_eip",
                        "aws_internet_gateway.gw",
                        "aws_subnet.public_subnet_us_east_1a"
                    ],
                    "primary": {
                        "id": "nat-0f8154ded4f1a7ca1",
                        "attributes": {
                            "allocation_id": "eipalloc-5647cf64",
                            "id": "nat-0f8154ded4f1a7ca1",
                            "network_interface_id": "eni-577e5f40",
                            "private_ip": "192.168.1.103",
                            "public_ip": "34.233.164.79",
                            "subnet_id": "subnet-4c845f28"
                        },
                        "meta": {},
                        "tainted": false
                    },
                    "deposed": [],
                    "provider": ""
                },
                "aws_route.internet_access": {
                    "type": "aws_route",
                    "depends_on": [
                        "aws_internet_gateway.gw",
                        "aws_vpc.vpc_flex"
                    ],
                    "primary": {
                        "id": "r-rtb-bb1b64c01080289494",
                        "attributes": {
                            "destination_cidr_block": "0.0.0.0/0",
                            "destination_prefix_list_id": "",
                            "egress_only_gateway_id": "",
                            "gateway_id": "igw-db8765a2",
                            "id": "r-rtb-bb1b64c01080289494",
                            "instance_id": "",
                            "instance_owner_id": "",
                            "nat_gateway_id": "",
                            "network_interface_id": "",
                            "origin": "CreateRoute",
                            "route_table_id": "rtb-bb1b64c0",
                            "state": "active",
                            "vpc_peering_connection_id": ""
                        },
                        "meta": {},
                        "tainted": false
                    },
                    "deposed": [],
                    "provider": ""
                },
                "aws_route.private_route": {
                    "type": "aws_route",
                    "depends_on": [
                        "aws_nat_gateway.nat",
                        "aws_route_table.private_route_table"
                    ],
                    "primary": {
                        "id": "r-rtb-6e1867151080289494",
                        "attributes": {
                            "destination_cidr_block": "0.0.0.0/0",
                            "destination_prefix_list_id": "",
                            "egress_only_gateway_id": "",
                            "gateway_id": "",
                            "id": "r-rtb-6e1867151080289494",
                            "instance_id": "",
                            "instance_owner_id": "",
                            "nat_gateway_id": "nat-0f8154ded4f1a7ca1",
                            "network_interface_id": "",
                            "origin": "CreateRoute",
                            "route_table_id": "rtb-6e186715",
                            "state": "active",
                            "vpc_peering_connection_id": ""
                        },
                        "meta": {},
                        "tainted": false
                    },
                    "deposed": [],
                    "provider": ""
                },
                "aws_route_table.private_route_table": {
                    "type": "aws_route_table",
                    "depends_on": [
                        "aws_vpc.vpc_flex"
                    ],
                    "primary": {
                        "id": "rtb-6e186715",
                        "attributes": {
                            "id": "rtb-6e186715",
                            "propagating_vgws.#": "0",
                            "route.#": "0",
                            "tags.%": "1",
                            "tags.Name": "Private route table",
                            "vpc_id": "vpc-dea9a0a7"
                        },
                        "meta": {},
                        "tainted": false
                    },
                    "deposed": [],
                    "provider": ""
                },
                "aws_route_table_association.pr_1_subnet_us_east_1a_association": {
                    "type": "aws_route_table_association",
                    "depends_on": [
                        "aws_route_table.private_route_table",
                        "aws_subnet.private_1_subnet_us_east_1a"
                    ],
                    "primary": {
                        "id": "rtbassoc-5eadff24",
                        "attributes": {
                            "id": "rtbassoc-5eadff24",
                            "route_table_id": "rtb-6e186715",
                            "subnet_id": "subnet-0cb86368"
                        },
                        "meta": {},
                        "tainted": false
                    },
                    "deposed": [],
                    "provider": ""
                },
                "aws_route_table_association.public_subnet_us_east_1a_association": {
                    "type": "aws_route_table_association",
                    "depends_on": [
                        "aws_subnet.public_subnet_us_east_1a",
                        "aws_vpc.vpc_flex"
                    ],
                    "primary": {
                        "id": "rtbassoc-69a5f713",
                        "attributes": {
                            "id": "rtbassoc-69a5f713",
                            "route_table_id": "rtb-bb1b64c0",
                            "subnet_id": "subnet-4c845f28"
                        },
                        "meta": {},
                        "tainted": false
                    },
                    "deposed": [],
                    "provider": ""
                },
                "aws_security_group.jboss": {
                    "type": "aws_security_group",
                    "depends_on": [
                        "aws_vpc.vpc_flex"
                    ],
                    "primary": {
                        "id": "sg-04589e77",
                        "attributes": {
                            "description": "Allow incoming HTTP connections.",
                            "egress.#": "0",
                            "id": "sg-04589e77",
                            "ingress.#": "3",
                            "ingress.1799340084.cidr_blocks.#": "1",
                            "ingress.1799340084.cidr_blocks.0": "0.0.0.0/0",
                            "ingress.1799340084.from_port": "-1",
                            "ingress.1799340084.ipv6_cidr_blocks.#": "0",
                            "ingress.1799340084.protocol": "icmp",
                            "ingress.1799340084.security_groups.#": "0",
                            "ingress.1799340084.self": "false",
                            "ingress.1799340084.to_port": "-1",
                            "ingress.2214680975.cidr_blocks.#": "1",
                            "ingress.2214680975.cidr_blocks.0": "0.0.0.0/0",
                            "ingress.2214680975.from_port": "80",
                            "ingress.2214680975.ipv6_cidr_blocks.#": "0",
                            "ingress.2214680975.protocol": "tcp",
                            "ingress.2214680975.security_groups.#": "0",
                            "ingress.2214680975.self": "false",
                            "ingress.2214680975.to_port": "80",
                            "ingress.2617001939.cidr_blocks.#": "1",
                            "ingress.2617001939.cidr_blocks.0": "0.0.0.0/0",
                            "ingress.2617001939.from_port": "443",
                            "ingress.2617001939.ipv6_cidr_blocks.#": "0",
                            "ingress.2617001939.protocol": "tcp",
                            "ingress.2617001939.security_groups.#": "0",
                            "ingress.2617001939.self": "false",
                            "ingress.2617001939.to_port": "443",
                            "name": "vpc_jboss",
                            "owner_id": "167287004810",
                            "tags.%": "1",
                            "tags.Name": "Jboss-SG",
                            "vpc_id": "vpc-dea9a0a7"
                        },
                        "meta": {},
                        "tainted": false
                    },
                    "deposed": [],
                    "provider": ""
                },
                "aws_security_group.private": {
                    "type": "aws_security_group",
                    "depends_on": [
                        "aws_vpc.vpc_flex"
                    ],
                    "primary": {
                        "id": "sg-c95593ba",
                        "attributes": {
                            "description": "Allow incoming HTTP connections.",
                            "egress.#": "0",
                            "id": "sg-c95593ba",
                            "ingress.#": "3",
                            "ingress.1799340084.cidr_blocks.#": "1",
                            "ingress.1799340084.cidr_blocks.0": "0.0.0.0/0",
                            "ingress.1799340084.from_port": "-1",
                            "ingress.1799340084.ipv6_cidr_blocks.#": "0",
                            "ingress.1799340084.protocol": "icmp",
                            "ingress.1799340084.security_groups.#": "0",
                            "ingress.1799340084.self": "false",
                            "ingress.1799340084.to_port": "-1",
                            "ingress.2214680975.cidr_blocks.#": "1",
                            "ingress.2214680975.cidr_blocks.0": "0.0.0.0/0",
                            "ingress.2214680975.from_port": "80",
                            "ingress.2214680975.ipv6_cidr_blocks.#": "0",
                            "ingress.2214680975.protocol": "tcp",
                            "ingress.2214680975.security_groups.#": "0",
                            "ingress.2214680975.self": "false",
                            "ingress.2214680975.to_port": "80",
                            "ingress.2617001939.cidr_blocks.#": "1",
                            "ingress.2617001939.cidr_blocks.0": "0.0.0.0/0",
                            "ingress.2617001939.from_port": "443",
                            "ingress.2617001939.ipv6_cidr_blocks.#": "0",
                            "ingress.2617001939.protocol": "tcp",
                            "ingress.2617001939.security_groups.#": "0",
                            "ingress.2617001939.self": "false",
                            "ingress.2617001939.to_port": "443",
                            "name": "vpc_AMQ",
                            "owner_id": "167287004810",
                            "tags.%": "1",
                            "tags.Name": "ActiveMQ-SG",
                            "vpc_id": "vpc-dea9a0a7"
                        },
                        "meta": {},
                        "tainted": false
                    },
                    "deposed": [],
                    "provider": ""
                },
                "aws_security_group.web": {
                    "type": "aws_security_group",
                    "depends_on": [
                        "aws_vpc.vpc_flex"
                    ],
                    "primary": {
                        "id": "sg-66589e15",
                        "attributes": {
                            "description": "Allow incoming HTTP connections.",
                            "egress.#": "0",
                            "id": "sg-66589e15",
                            "ingress.#": "3",
                            "ingress.1799340084.cidr_blocks.#": "1",
                            "ingress.1799340084.cidr_blocks.0": "0.0.0.0/0",
                            "ingress.1799340084.from_port": "-1",
                            "ingress.1799340084.ipv6_cidr_blocks.#": "0",
                            "ingress.1799340084.protocol": "icmp",
                            "ingress.1799340084.security_groups.#": "0",
                            "ingress.1799340084.self": "false",
                            "ingress.1799340084.to_port": "-1",
                            "ingress.2214680975.cidr_blocks.#": "1",
                            "ingress.2214680975.cidr_blocks.0": "0.0.0.0/0",
                            "ingress.2214680975.from_port": "80",
                            "ingress.2214680975.ipv6_cidr_blocks.#": "0",
                            "ingress.2214680975.protocol": "tcp",
                            "ingress.2214680975.security_groups.#": "0",
                            "ingress.2214680975.self": "false",
                            "ingress.2214680975.to_port": "80",
                            "ingress.2617001939.cidr_blocks.#": "1",
                            "ingress.2617001939.cidr_blocks.0": "0.0.0.0/0",
                            "ingress.2617001939.from_port": "443",
                            "ingress.2617001939.ipv6_cidr_blocks.#": "0",
                            "ingress.2617001939.protocol": "tcp",
                            "ingress.2617001939.security_groups.#": "0",
                            "ingress.2617001939.self": "false",
                            "ingress.2617001939.to_port": "443",
                            "name": "vpc_web",
                            "owner_id": "167287004810",
                            "tags.%": "1",
                            "tags.Name": "Ha-proxy-SG",
                            "vpc_id": "vpc-dea9a0a7"
                        },
                        "meta": {},
                        "tainted": false
                    },
                    "deposed": [],
                    "provider": ""
                },
                "aws_subnet.private_1_subnet_us_east_1a": {
                    "type": "aws_subnet",
                    "depends_on": [
                        "aws_vpc.vpc_flex"
                    ],
                    "primary": {
                        "id": "subnet-0cb86368",
                        "attributes": {
                            "assign_ipv6_address_on_creation": "false",
                            "availability_zone": "us-east-1a",
                            "cidr_block": "192.168.2.0/24",
                            "id": "subnet-0cb86368",
                            "map_public_ip_on_launch": "false",
                            "tags.%": "1",
                            "tags.Name": "Subnet private 1 az 1a",
                            "vpc_id": "vpc-dea9a0a7"
                        },
                        "meta": {
                            "schema_version": "1"
                        },
                        "tainted": false
                    },
                    "deposed": [],
                    "provider": ""
                },
                "aws_subnet.public_subnet_us_east_1a": {
                    "type": "aws_subnet",
                    "depends_on": [
                        "aws_vpc.vpc_flex"
                    ],
                    "primary": {
                        "id": "subnet-4c845f28",
                        "attributes": {
                            "assign_ipv6_address_on_creation": "false",
                            "availability_zone": "us-east-1a",
                            "cidr_block": "192.168.1.0/24",
                            "id": "subnet-4c845f28",
                            "map_public_ip_on_launch": "true",
                            "tags.%": "1",
                            "tags.Name": "Subnet az 1a",
                            "vpc_id": "vpc-dea9a0a7"
                        },
                        "meta": {
                            "schema_version": "1"
                        },
                        "tainted": false
                    },
                    "deposed": [],
                    "provider": ""
                },
                "aws_vpc.vpc_flex": {
                    "type": "aws_vpc",
                    "depends_on": [],
                    "primary": {
                        "id": "vpc-dea9a0a7",
                        "attributes": {
                            "assign_generated_ipv6_cidr_block": "false",
                            "cidr_block": "192.168.0.0/16",
                            "default_network_acl_id": "acl-360e8b4e",
                            "default_route_table_id": "rtb-bb1b64c0",
                            "default_security_group_id": "sg-b65096c5",
                            "dhcp_options_id": "dopt-236c8f5a",
                            "enable_classiclink": "false",
                            "enable_classiclink_dns_support": "false",
                            "enable_dns_hostnames": "true",
                            "enable_dns_support": "true",
                            "id": "vpc-dea9a0a7",
                            "instance_tenancy": "default",
                            "main_route_table_id": "rtb-bb1b64c0",
                            "tags.%": "1",
                            "tags.Name": "Flex-VPC"
                        },
                        "meta": {
                            "schema_version": "1"
                        },
                        "tainted": false
                    },
                    "deposed": [],
                    "provider": ""
                }
            },
            "depends_on": []
        }
    ]
}
