{
    "version": 3,
    "terraform_version": "0.10.5",
    "serial": 10,
    "lineage": "790c2b9f-6bc8-411f-a54e-41d934094d16",
    "modules": [
        {
            "path": [
                "root"
            ],
            "outputs": {},
            "resources": {},
            "depends_on": []
        },
        {
            "path": [
                "root",
                "flexInstance"
            ],
            "outputs": {},
            "resources": {
                "aws_eip.flex_eip": {
                    "type": "aws_eip",
                    "depends_on": [
                        "aws_internet_gateway.gw"
                    ],
                    "primary": {
                        "id": "eipalloc-ee5234dc",
                        "attributes": {
                            "association_id": "",
                            "domain": "vpc",
                            "id": "eipalloc-ee5234dc",
                            "instance": "",
                            "network_interface": "",
                            "private_ip": "",
                            "public_ip": "34.232.224.190",
                            "vpc": "true"
                        },
                        "meta": {},
                        "tainted": false
                    },
                    "deposed": [],
                    "provider": ""
                },
                "aws_internet_gateway.gw": {
                    "type": "aws_internet_gateway",
                    "depends_on": [
                        "aws_vpc.vpc_flex"
                    ],
                    "primary": {
                        "id": "igw-4768833e",
                        "attributes": {
                            "id": "igw-4768833e",
                            "tags.%": "1",
                            "tags.Name": "InternetGateway",
                            "vpc_id": "vpc-5bf6e622"
                        },
                        "meta": {},
                        "tainted": false
                    },
                    "deposed": [],
                    "provider": ""
                },
                "aws_vpc.vpc_flex": {
                    "type": "aws_vpc",
                    "depends_on": [],
                    "primary": {
                        "id": "vpc-5bf6e622",
                        "attributes": {
                            "assign_generated_ipv6_cidr_block": "false",
                            "cidr_block": "192.168.0.0/16",
                            "default_network_acl_id": "acl-b944cbc1",
                            "default_route_table_id": "rtb-d05406ab",
                            "default_security_group_id": "sg-ead46099",
                            "dhcp_options_id": "dopt-6c807115",
                            "enable_classiclink": "false",
                            "enable_classiclink_dns_support": "false",
                            "enable_dns_hostnames": "true",
                            "enable_dns_support": "true",
                            "id": "vpc-5bf6e622",
                            "instance_tenancy": "default",
                            "main_route_table_id": "rtb-d05406ab",
                            "tags.%": "1",
                            "tags.Name": "Flex-VPC"
                        },
                        "meta": {
                            "schema_version": "1"
                        },
                        "tainted": false
                    },
                    "deposed": [],
                    "provider": ""
                }
            },
            "depends_on": []
        }
    ]
}
